{
  "nodes": {
    "calendar-proxy": {
      "inputs": {
        "flake-utils": [
          "myPackages",
          "flake-utils"
        ],
        "nixpkgs": [
          "myPackages",
          "nixpkgs"
        ]
      },
      "locked": {
        "lastModified": 1760104997,
        "narHash": "sha256-dX8NBdNpVyhwjgzqUa0kjixNlJfEP5GFz+tPbTwDOZU=",
        "owner": "billy4479",
        "repo": "calendar-proxy",
        "rev": "dc96611c2d5162f97c85b9cbf79e8cbcf885fc4b",
        "type": "github"
      },
      "original": {
        "owner": "billy4479",
        "repo": "calendar-proxy",
        "type": "github"
      }
    },
    "flake-utils": {
      "inputs": {
        "systems": "systems"
      },
      "locked": {
        "lastModified": 1731533236,
        "narHash": "sha256-l0KFg5HjrsfsO/JpG+r7fRrqm12kzFHyUHqHCVpMMbI=",
        "owner": "numtide",
        "repo": "flake-utils",
        "rev": "11707dc2f618dd54ca8739b309ec4fc024de578b",
        "type": "github"
      },
      "original": {
        "owner": "numtide",
        "repo": "flake-utils",
        "type": "github"
      }
    },
    "myPackages": {
      "inputs": {
        "calendar-proxy": "calendar-proxy",
        "flake-utils": [
          "flake-utils"
        ],
        "nixpkgs": [
          "nixpkgs"
        ],
        "server-tool": "server-tool"
      },
      "locked": {
        "lastModified": 1760108183,
        "narHash": "sha256-emiLdw1uM+BqlrrvfXeFHG965QgEzhRnm8NRvUUoKoU=",
        "owner": "billy4479",
        "repo": "nix-packages",
        "rev": "934699f51d2078329eab80795ec109e0342956dd",
        "type": "github"
      },
      "original": {
        "owner": "billy4479",
        "repo": "nix-packages",
        "type": "github"
      }
    },
    "nixpkgs": {
      "locked": {
        "lastModified": 1761373498,
        "narHash": "sha256-Q/uhWNvd7V7k1H1ZPMy/vkx3F8C13ZcdrKjO7Jv7v0c=",
        "owner": "NixOS",
        "repo": "nixpkgs",
        "rev": "6a08e6bb4e46ff7fcbb53d409b253f6bad8a28ce",
        "type": "github"
      },
      "original": {
        "id": "nixpkgs",
        "ref": "nixos-unstable",
        "type": "indirect"
      }
    },
    "root": {
      "inputs": {
        "flake-utils": "flake-utils",
        "myPackages": "myPackages",
        "nixpkgs": "nixpkgs",
        "typix": "typix"
      }
    },
    "server-tool": {
      "inputs": {
        "flake-utils": [
          "myPackages",
          "flake-utils"
        ],
        "nixpkgs": [
          "myPackages",
          "nixpkgs"
        ]
      },
      "locked": {
        "lastModified": 1738607787,
        "narHash": "sha256-jbuJBOfXYQQGmrfZ/CitDrni9tRRp8UZNAjijwz48GQ=",
        "owner": "billy4479",
        "repo": "server-tool",
        "rev": "c980a1ac538a29721864469db0e01aad342aa8bf",
        "type": "github"
      },
      "original": {
        "owner": "billy4479",
        "repo": "server-tool",
        "type": "github"
      }
    },
    "systems": {
      "locked": {
        "lastModified": 1681028828,
        "narHash": "sha256-Vy1rq5AaRuLzOxct8nz4T6wlgyUR7zLU309k9mBC768=",
        "owner": "nix-systems",
        "repo": "default",
        "rev": "da67096a3b9bf56a91d16901293e51ba5b49a27e",
        "type": "github"
      },
      "original": {
        "owner": "nix-systems",
        "repo": "default",
        "type": "github"
      }
    },
    "typix": {
      "inputs": {
        "nixpkgs": [
          "nixpkgs"
        ]
      },
      "locked": {
        "lastModified": 1761122907,
        "narHash": "sha256-mlsMnRPQhp3fI0yo2H3CwNmvh+P/82QAdnx3xSZfbHE=",
        "owner": "loqusion",
        "repo": "typix",
        "rev": "5d5d5d701f2423a713f38a66e631cca73d79c501",
        "type": "github"
      },
      "original": {
        "owner": "loqusion",
        "repo": "typix",
        "type": "github"
      }
    }
  },
  "root": "root",
  "version": 7
}
