{
  "nodes": {
    "calendar-proxy": {
      "inputs": {
        "flake-utils": [
          "myPackages",
          "flake-utils"
        ],
        "nixpkgs": [
          "myPackages",
          "nixpkgs"
        ]
      },
      "locked": {
        "lastModified": 1768153641,
        "narHash": "sha256-rnKi2TUEs5foaSnoWwEGfsIgnfnrIrMSe00OGAe7aCI=",
        "owner": "billy4479",
        "repo": "calendar-proxy",
        "rev": "7a40c2484479ecf568714813558e076a77b53afc",
        "type": "github"
      },
      "original": {
        "owner": "billy4479",
        "repo": "calendar-proxy",
        "type": "github"
      }
    },
    "flake-utils": {
      "inputs": {
        "systems": "systems"
      },
      "locked": {
        "lastModified": 1731533236,
        "narHash": "sha256-l0KFg5HjrsfsO/JpG+r7fRrqm12kzFHyUHqHCVpMMbI=",
        "owner": "numtide",
        "repo": "flake-utils",
        "rev": "11707dc2f618dd54ca8739b309ec4fc024de578b",
        "type": "github"
      },
      "original": {
        "owner": "numtide",
        "repo": "flake-utils",
        "type": "github"
      }
    },
    "mc-runner": {
      "inputs": {
        "flake-utils": [
          "myPackages",
          "flake-utils"
        ],
        "nixpkgs": [
          "myPackages",
          "nixpkgs"
        ]
      },
      "locked": {
        "lastModified": 1768565846,
        "narHash": "sha256-i2sszs37gun1LoRmbwwwiJvicbcQeO+OWNjUgSlXMPE=",
        "owner": "billy4479",
        "repo": "mc-runner",
        "rev": "d188c83a916b5f64042d47859093073df7c2b630",
        "type": "github"
      },
      "original": {
        "owner": "billy4479",
        "repo": "mc-runner",
        "type": "github"
      }
    },
    "myPackages": {
      "inputs": {
        "calendar-proxy": "calendar-proxy",
        "flake-utils": [
          "flake-utils"
        ],
        "mc-runner": "mc-runner",
        "nixpkgs": [
          "nixpkgs"
        ],
        "server-tool": "server-tool"
      },
      "locked": {
        "lastModified": 1770908705,
        "narHash": "sha256-YNt3vFrQ/9a52tg00WKqBayNFHuu15xh9pMPh9BEJtM=",
        "owner": "billy4479",
        "repo": "nix-packages",
        "rev": "28861eb25bbf9d43908e05cff7add50dd9d1ea64",
        "type": "github"
      },
      "original": {
        "owner": "billy4479",
        "repo": "nix-packages",
        "type": "github"
      }
    },
    "nixpkgs": {
      "locked": {
        "lastModified": 1771008912,
        "narHash": "sha256-gf2AmWVTs8lEq7z/3ZAsgnZDhWIckkb+ZnAo5RzSxJg=",
        "owner": "NixOS",
        "repo": "nixpkgs",
        "rev": "a82ccc39b39b621151d6732718e3e250109076fa",
        "type": "github"
      },
      "original": {
        "owner": "NixOS",
        "ref": "nixos-unstable",
        "repo": "nixpkgs",
        "type": "github"
      }
    },
    "root": {
      "inputs": {
        "flake-utils": "flake-utils",
        "myPackages": "myPackages",
        "nixpkgs": "nixpkgs",
        "typix": "typix"
      }
    },
    "server-tool": {
      "inputs": {
        "flake-utils": [
          "myPackages",
          "flake-utils"
        ],
        "nixpkgs": [
          "myPackages",
          "nixpkgs"
        ]
      },
      "locked": {
        "lastModified": 1738607787,
        "narHash": "sha256-jbuJBOfXYQQGmrfZ/CitDrni9tRRp8UZNAjijwz48GQ=",
        "owner": "billy4479",
        "repo": "server-tool",
        "rev": "c980a1ac538a29721864469db0e01aad342aa8bf",
        "type": "github"
      },
      "original": {
        "owner": "billy4479",
        "repo": "server-tool",
        "type": "github"
      }
    },
    "systems": {
      "locked": {
        "lastModified": 1681028828,
        "narHash": "sha256-Vy1rq5AaRuLzOxct8nz4T6wlgyUR7zLU309k9mBC768=",
        "owner": "nix-systems",
        "repo": "default",
        "rev": "da67096a3b9bf56a91d16901293e51ba5b49a27e",
        "type": "github"
      },
      "original": {
        "owner": "nix-systems",
        "repo": "default",
        "type": "github"
      }
    },
    "typix": {
      "inputs": {
        "nixpkgs": [
          "nixpkgs"
        ]
      },
      "locked": {
        "lastModified": 1770454285,
        "narHash": "sha256-phmRhL/oS1MRoRsrF9bSLe+ZNlBOI6bRqYrLhFKAC54=",
        "owner": "loqusion",
        "repo": "typix",
        "rev": "f3dd958107debd143a1f1236d1994419e2bf7491",
        "type": "github"
      },
      "original": {
        "owner": "loqusion",
        "repo": "typix",
        "type": "github"
      }
    }
  },
  "root": "root",
  "version": 7
}
